// !$*UTF8*$!
{
	archiveVersion = 1;
	classes = {
	};
	objectVersion = 46;
	objects = {

/* Begin PBXBuildFile section */
		A42AA254197A88A800A79BED /* AppDelegate.swift in Sources */ = {isa = PBXBuildFile; fileRef = A42AA253197A88A800A79BED /* AppDelegate.swift */; };
		A42AA256197A88A800A79BED /* ViewController.swift in Sources */ = {isa = PBXBuildFile; fileRef = A42AA255197A88A800A79BED /* ViewController.swift */; };
		A42AA259197A88A800A79BED /* Main.storyboard in Resources */ = {isa = PBXBuildFile; fileRef = A42AA257197A88A800A79BED /* Main.storyboard */; };
		A42AA25B197A88A800A79BED /* Images.xcassets in Resources */ = {isa = PBXBuildFile; fileRef = A42AA25A197A88A800A79BED /* Images.xcassets */; };
		A42AA267197A88A800A79BED /* HelloWorldTests.swift in Sources */ = {isa = PBXBuildFile; fileRef = A42AA266197A88A800A79BED /* HelloWorldTests.swift */; };
/* End PBXBuildFile section */

/* Begin PBXContainerItemProxy section */
		A42AA261197A88A800A79BED /* PBXContainerItemProxy */ = {
			isa = PBXContainerItemProxy;
			containerPortal = A42AA246197A88A800A79BED /* Project object */;
			proxyType = 1;
			remoteGlobalIDString = A42AA24D197A88A800A79BED;
			remoteInfo = HelloWorld;
		};
/* End PBXContainerItemProxy section */

/* Begin PBXFileReference section */
		A42AA24E197A88A800A79BED /* HelloWorld.app */ = {isa = PBXFileReference; explicitFileType = wrapper.application; includeInIndex = 0; path = HelloWorld.app; sourceTree = BUILT_PRODUCTS_DIR; };
		A42AA252197A88A800A79BED /* Info.plist */ = {isa = PBXFileReference; lastKnownFileType = text.plist.xml; path = Info.plist; sourceTree = "<group>"; };
		A42AA253197A88A800A79BED /* AppDelegate.swift */ = {isa = PBXFileReference; lastKnownFileType = sourcecode.swift; path = AppDelegate.swift; sourceTree = "<group>"; };
		A42AA255197A88A800A79BED /* ViewController.swift */ = {isa = PBXFileReference; lastKnownFileType = sourcecode.swift; path = ViewController.swift; sourceTree = "<group>"; };
		A42AA258197A88A800A79BED /* Base */ = {isa = PBXFileReference; lastKnownFileType = file.storyboard; name = Base; path = Base.lproj/Main.storyboard; sourceTree = "<group>"; };
		A42AA25A197A88A800A79BED /* Images.xcassets */ = {isa = PBXFileReference; lastKnownFileType = folder.assetcatalog; path = Images.xcassets; sourceTree = "<group>"; };
		A42AA260197A88A800A79BED /* HelloWorldTests.xctest */ = {isa = PBXFileReference; explicitFileType = wrapper.cfbundle; includeInIndex = 0; path = HelloWorldTests.xctest; sourceTree = BUILT_PRODUCTS_DIR; };
		A42AA265197A88A800A79BED /* Info.plist */ = {isa = PBXFileReference; lastKnownFileType = text.plist.xml; path = Info.plist; sourceTree = "<group>"; };
		A42AA266197A88A800A79BED /* HelloWorldTests.swift */ = {isa = PBXFileReference; lastKnownFileType = sourcecode.swift; path = HelloWorldTests.swift; sourceTree = "<group>"; };
/* End PBXFileReference section */

/* Begin PBXFrameworksBuildPhase section */
		A42AA24B197A88A800A79BED /* Frameworks */ = {
			isa = PBXFrameworksBuildPhase;
			buildActionMask = 2147483647;
			files = (
			);
			runOnlyForDeploymentPostprocessing = 0;
		};
		A42AA25D197A88A800A79BED /* Frameworks */ = {
			isa = PBXFrameworksBuildPhase;
			buildActionMask = 2147483647;
			files = (
			);
			runOnlyForDeploymentPostprocessing = 0;
		};
/* End PBXFrameworksBuildPhase section */

/* Begin PBXGroup section */
		A42AA245197A88A800A79BED = {
			isa = PBXGroup;
			children = (
				A42AA250197A88A800A79BED /* HelloWorld */,
				A42AA263197A88A800A79BED /* HelloWorldTests */,
				A42AA24F197A88A800A79BED /* Products */,
			);
			sourceTree = "<group>";
		};
		A42AA24F197A88A800A79BED /* Products */ = {
			isa = PBXGroup;
			children = (
				A42AA24E197A88A800A79BED /* HelloWorld.app */,
				A42AA260197A88A800A79BED /* HelloWorldTests.xctest */,
			);
			name = Products;
			sourceTree = "<group>";
		};
		A42AA250197A88A800A79BED /* HelloWorld */ = {
			isa = PBXGroup;
			children = (
				A42AA253197A88A800A79BED /* AppDelegate.swift */,
				A42AA255197A88A800A79BED /* ViewController.swift */,
				A42AA257197A88A800A79BED /* Main.storyboard */,
				A42AA25A197A88A800A79BED /* Images.xcassets */,
				A42AA251197A88A800A79BED /* Supporting Files */,
			);
			path = HelloWorld;
			sourceTree = "<group>";
		};
		A42AA251197A88A800A79BED /* Supporting Files */ = {
			isa = PBXGroup;
			children = (
				A42AA252197A88A800A79BED /* Info.plist */,
			);
			name = "Supporting Files";
			sourceTree = "<group>";
		};
		A42AA263197A88A800A79BED /* HelloWorldTests */ = {
			isa = PBXGroup;
			children = (
				A42AA266197A88A800A79BED /* HelloWorldTests.swift */,
				A42AA264197A88A800A79BED /* Supporting Files */,
			);
			path = HelloWorldTests;
			sourceTree = "<group>";
		};
		A42AA264197A88A800A79BED /* Supporting Files */ = {
			isa = PBXGroup;
			children = (
				A42AA265197A88A800A79BED /* Info.plist */,
			);
			name = "Supporting Files";
			sourceTree = "<group>";
		};
/* End PBXGroup section */

/* Begin PBXNativeTarget section */
		A42AA24D197A88A800A79BED /* HelloWorld */ = {
			isa = PBXNativeTarget;
			buildConfigurationList = A42AA26A197A88A800A79BED /* Build configuration list for PBXNativeTarget "HelloWorld" */;
			buildPhases = (
				A42AA24A197A88A800A79BED /* Sources */,
				A42AA24B197A88A800A79BED /* Frameworks */,
				A42AA24C197A88A800A79BED /* Resources */,
			);
			buildRules = (
			);
			dependencies = (
			);
			name = HelloWorld;
			productName = HelloWorld;
			productReference = A42AA24E197A88A800A79BED /* HelloWorld.app */;
			productType = "com.apple.product-type.application";
		};
		A42AA25F197A88A800A79BED /* HelloWorldTests */ = {
			isa = PBXNativeTarget;
			buildConfigurationList = A42AA26D197A88A800A79BED /* Build configuration list for PBXNativeTarget "HelloWorldTests" */;
			buildPhases = (
				A42AA25C197A88A800A79BED /* Sources */,
				A42AA25D197A88A800A79BED /* Frameworks */,
				A42AA25E197A88A800A79BED /* Resources */,
			);
			buildRules = (
			);
			dependencies = (
				A42AA262197A88A800A79BED /* PBXTargetDependency */,
			);
			name = HelloWorldTests;
			productName = HelloWorldTests;
			productReference = A42AA260197A88A800A79BED /* HelloWorldTests.xctest */;
			productType = "com.apple.product-type.bundle.unit-test";
		};
/* End PBXNativeTarget section */

/* Begin PBXProject section */
		A42AA246197A88A800A79BED /* Project object */ = {
			isa = PBXProject;
			attributes = {
				LastUpgradeCheck = 0600;
				ORGANIZATIONNAME = "古山 健司";
				TargetAttributes = {
					A42AA24D197A88A800A79BED = {
						CreatedOnToolsVersion = 6.0;
					};
					A42AA25F197A88A800A79BED = {
						CreatedOnToolsVersion = 6.0;
						TestTargetID = A42AA24D197A88A800A79BED;
					};
				};
			};
			buildConfigurationList = A42AA249197A88A800A79BED /* Build configuration list for PBXProject "HelloWorld" */;
			compatibilityVersion = "Xcode 3.2";
			developmentRegion = English;
			hasScannedForEncodings = 0;
			knownRegions = (
				en,
				Base,
			);
			mainGroup = A42AA245197A88A800A79BED;
			productRefGroup = A42AA24F197A88A800A79BED /* Products */;
			projectDirPath = "";
			projectRoot = "";
			targets = (
				A42AA24D197A88A800A79BED /* HelloWorld */,
				A42AA25F197A88A800A79BED /* HelloWorldTests */,
			);
		};
/* End PBXProject section */

/* Begin PBXResourcesBuildPhase section */
		A42AA24C197A88A800A79BED /* Resources */ = {
			isa = PBXResourcesBuildPhase;
			buildActionMask = 2147483647;
			files = (
				A42AA259197A88A800A79BED /* Main.storyboard in Resources */,
				A42AA25B197A88A800A79BED /* Images.xcassets in Resources */,
			);
			runOnlyForDeploymentPostprocessing = 0;
		};
		A42AA25E197A88A800A79BED /* Resources */ = {
			isa = PBXResourcesBuildPhase;
			buildActionMask = 2147483647;
			files = (
			);
			runOnlyForDeploymentPostprocessing = 0;
		};
/* End PBXResourcesBuildPhase section */

/* Begin PBXSourcesBuildPhase section */
		A42AA24A197A88A800A79BED /* Sources */ = {
			isa = PBXSourcesBuildPhase;
			buildActionMask = 2147483647;
			files = (
				A42AA256197A88A800A79BED /* ViewController.swift in Sources */,
				A42AA254197A88A800A79BED /* AppDelegate.swift in Sources */,
			);
			runOnlyForDeploymentPostprocessing = 0;
		};
		A42AA25C197A88A800A79BED /* Sources */ = {
			isa = PBXSourcesBuildPhase;
			buildActionMask = 2147483647;
			files = (
				A42AA267197A88A800A79BED /* HelloWorldTests.swift in Sources */,
			);
			runOnlyForDeploymentPostprocessing = 0;
		};
/* End PBXSourcesBuildPhase section */

/* Begin PBXTargetDependency section */
		A42AA262197A88A800A79BED /* PBXTargetDependency */ = {
			isa = PBXTargetDependency;
			target = A42AA24D197A88A800A79BED /* HelloWorld */;
			targetProxy = A42AA261197A88A800A79BED /* PBXContainerItemProxy */;
		};
/* End PBXTargetDependency section */

/* Begin PBXVariantGroup section */
		A42AA257197A88A800A79BED /* Main.storyboard */ = {
			isa = PBXVariantGroup;
			children = (
				A42AA258197A88A800A79BED /* Base */,
			);
			name = Main.storyboard;
			sourceTree = "<group>";
		};
/* End PBXVariantGroup section */

/* Begin XCBuildConfiguration section */
		A42AA268197A88A800A79BED /* Debug */ = {
			isa = XCBuildConfiguration;
			buildSettings = {
				ALWAYS_SEARCH_USER_PATHS = NO;
				CLANG_CXX_LANGUAGE_STANDARD = "gnu++0x";
				CLANG_CXX_LIBRARY = "libc++";
				CLANG_ENABLE_MODULES = YES;
				CLANG_ENABLE_OBJC_ARC = YES;
				CLANG_WARN_BOOL_CONVERSION = YES;
				CLANG_WARN_CONSTANT_CONVERSION = YES;
				CLANG_WARN_DIRECT_OBJC_ISA_USAGE = YES_ERROR;
				CLANG_WARN_EMPTY_BODY = YES;
				CLANG_WARN_ENUM_CONVERSION = YES;
				CLANG_WARN_INT_CONVERSION = YES;
				CLANG_WARN_OBJC_ROOT_CLASS = YES_ERROR;
				CLANG_WARN_UNREACHABLE_CODE = YES;
				CLANG_WARN__DUPLICATE_METHOD_MATCH = YES;
				"CODE_SIGN_IDENTITY[sdk=iphoneos*]" = "iPhone Developer";
				COPY_PHASE_STRIP = NO;
				ENABLE_STRICT_OBJC_MSGSEND = YES;
				GCC_C_LANGUAGE_STANDARD = gnu99;
				GCC_DYNAMIC_NO_PIC = NO;
				GCC_OPTIMIZATION_LEVEL = 0;
				GCC_PREPROCESSOR_DEFINITIONS = (
					"DEBUG=1",
					"$(inherited)",
				);
				GCC_SYMBOLS_PRIVATE_EXTERN = NO;
				GCC_WARN_64_TO_32_BIT_CONVERSION = YES;
				GCC_WARN_ABOUT_RETURN_TYPE = YES_ERROR;
				GCC_WARN_UNDECLARED_SELECTOR = YES;
				GCC_WARN_UNINITIALIZED_AUTOS = YES_AGGRESSIVE;
				GCC_WARN_UNUSED_FUNCTION = YES;
				GCC_WARN_UNUSED_VARIABLE = YES;
				IPHONEOS_DEPLOYMENT_TARGET = 8.0;
				MTL_ENABLE_DEBUG_INFO = YES;
				ONLY_ACTIVE_ARCH = YES;
				SDKROOT = iphoneos;
				SWIFT_OPTIMIZATION_LEVEL = "-Onone";
			};
			name = Debug;
		};
		A42AA269197A88A800A79BED /* Release */ = {
			isa = XCBuildConfiguration;
			buildSettings = {
				ALWAYS_SEARCH_USER_PATHS = NO;
				CLANG_CXX_LANGUAGE_STANDARD = "gnu++0x";
				CLANG_CXX_LIBRARY = "libc++";
				CLANG_ENABLE_MODULES = YES;
				CLANG_ENABLE_OBJC_ARC = YES;
				CLANG_WARN_BOOL_CONVERSION = YES;
				CLANG_WARN_CONSTANT_CONVERSION = YES;
				CLANG_WARN_DIRECT_OBJC_ISA_USAGE = YES_ERROR;
				CLANG_WARN_EMPTY_BODY = YES;
				CLANG_WARN_ENUM_CONVERSION = YES;
				CLANG_WARN_INT_CONVERSION = YES;
				CLANG_WARN_OBJC_ROOT_CLASS = YES_ERROR;
				CLANG_WARN_UNREACHABLE_CODE = YES;
				CLANG_WARN__DUPLICATE_METHOD_MATCH = YES;
				"CODE_SIGN_IDENTITY[sdk=iphoneos*]" = "iPhone Developer";
				COPY_PHASE_STRIP = YES;
				ENABLE_NS_ASSERTIONS = NO;
				ENABLE_STRICT_OBJC_MSGSEND = YES;
				GCC_C_LANGUAGE_STANDARD = gnu99;
				GCC_WARN_64_TO_32_BIT_CONVERSION = YES;
				GCC_WARN_ABOUT_RETURN_TYPE = YES_ERROR;
				GCC_WARN_UNDECLARED_SELECTOR = YES;
				GCC_WARN_UNINITIALIZED_AUTOS = YES_AGGRESSIVE;
				GCC_WARN_UNUSED_FUNCTION = YES;
				GCC_WARN_UNUSED_VARIABLE = YES;
				IPHONEOS_DEPLOYMENT_TARGET = 8.0;
				MTL_ENABLE_DEBUG_INFO = NO;
				SDKROOT = iphoneos;
				VALIDATE_PRODUCT = YES;
			};
			name = Release;
		};
		A42AA26B197A88A800A79BED /* Debug */ = {
			isa = XCBuildConfiguration;
			buildSettings = {
				ASSETCATALOG_COMPILER_APPICON_NAME = AppIcon;
				ASSETCATALOG_COMPILER_LAUNCHIMAGE_NAME = LaunchImage;
				INFOPLIST_FILE = HelloWorld/Info.plist;
				LD_RUNPATH_SEARCH_PATHS = "$(inherited) @executable_path/Frameworks";
				PRODUCT_NAME = "$(TARGET_NAME)";
			};
			name = Debug;
		};
		A42AA26C197A88A800A79BED /* Release */ = {
			isa = XCBuildConfiguration;
			buildSettings = {
				ASSETCATALOG_COMPILER_APPICON_NAME = AppIcon;
				ASSETCATALOG_COMPILER_LAUNCHIMAGE_NAME = LaunchImage;
				INFOPLIST_FILE = HelloWorld/Info.plist;
				LD_RUNPATH_SEARCH_PATHS = "$(inherited) @executable_path/Frameworks";
				PRODUCT_NAME = "$(TARGET_NAME)";
			};
			name = Release;
		};
		A42AA26E197A88A800A79BED /* Debug */ = {
			isa = XCBuildConfiguration;
			buildSettings = {
				BUNDLE_LOADER = "$(BUILT_PRODUCTS_DIR)/HelloWorld.app/HelloWorld";
				FRAMEWORK_SEARCH_PATHS = (
					"$(SDKROOT)/Developer/Library/Frameworks",
					"$(inherited)",
				);
				GCC_PREPROCESSOR_DEFINITIONS = (
					"DEBUG=1",
					"$(inherited)",
				);
				INFOPLIST_FILE = HelloWorldTests/Info.plist;
				LD_RUNPATH_SEARCH_PATHS = "$(inherited) @executable_path/Frameworks @loader_path/Frameworks";
				PRODUCT_NAME = "$(TARGET_NAME)";
				TEST_HOST = "$(BUNDLE_LOADER)";
			};
			name = Debug;
		};
		A42AA26F197A88A800A79BED /* Release */ = {
			isa = XCBuildConfiguration;
			buildSettings = {
				BUNDLE_LOADER = "$(BUILT_PRODUCTS_DIR)/HelloWorld.app/HelloWorld";
				FRAMEWORK_SEARCH_PATHS = (
					"$(SDKROOT)/Developer/Library/Frameworks",
					"$(inherited)",
				);
				INFOPLIST_FILE = HelloWorldTests/Info.plist;
				LD_RUNPATH_SEARCH_PATHS = "$(inherited) @executable_path/Frameworks @loader_path/Frameworks";
				PRODUCT_NAME = "$(TARGET_NAME)";
				TEST_HOST = "$(BUNDLE_LOADER)";
			};
			name = Release;
		};
/* End XCBuildConfiguration section */

/* Begin XCConfigurationList section */
		A42AA249197A88A800A79BED /* Build configuration list for PBXProject "HelloWorld" */ = {
			isa = XCConfigurationList;
			buildConfigurations = (
				A42AA268197A88A800A79BED /* Debug */,
				A42AA269197A88A800A79BED /* Release */,
			);
			defaultConfigurationIsVisible = 0;
			defaultConfigurationName = Release;
		};
		A42AA26A197A88A800A79BED /* Build configuration list for PBXNativeTarget "HelloWorld" */ = {
			isa = XCConfigurationList;
			buildConfigurations = (
				A42AA26B197A88A800A79BED /* Debug */,
				A42AA26C197A88A800A79BED /* Release */,
			);
			defaultConfigurationIsVisible = 0;
		};
		A42AA26D197A88A800A79BED /* Build configuration list for PBXNativeTarget "HelloWorldTests" */ = {
			isa = XCConfigurationList;
			buildConfigurations = (
				A42AA26E197A88A800A79BED /* Debug */,
				A42AA26F197A88A800A79BED /* Release */,
			);
			defaultConfigurationIsVisible = 0;
		};
/* End XCConfigurationList section */
	};
	rootObject = A42AA246197A88A800A79BED /* Project object */;
}
